
Microsoft Visual Studio Solution File, Format Version 12.00
# Visual Studio Version 17
VisualStudioVersion = 17.14.37111.16 d17.14
MinimumVisualStudioVersion = 10.0.40219.1
Project("{FAE04EC0-301F-11D3-BF4B-00C04F79EFBC}") = "RouteAss_OOP_1", "RouteAss_OOP_1.csproj", "{A95FC7BF-AA50-4BE1-B0B8-07174A6F95E7}"
EndProject
Global
	GlobalSection(SolutionConfigurationPlatforms) = preSolution
		Debug|Any CPU = Debug|Any CPU
		Release|Any CPU = Release|Any CPU
	EndGlobalSection
	GlobalSection(ProjectConfigurationPlatforms) = postSolution
		{A95FC7BF-AA50-4BE1-B0B8-07174A6F95E7}.Debug|Any CPU.ActiveCfg = Debug|Any CPU
		{A95FC7BF-AA50-4BE1-B0B8-07174A6F95E7}.Debug|Any CPU.Build.0 = Debug|Any CPU
		{A95FC7BF-AA50-4BE1-B0B8-07174A6F95E7}.Release|Any CPU.ActiveCfg = Release|Any CPU
		{A95FC7BF-AA50-4BE1-B0B8-07174A6F95E7}.Release|Any CPU.Build.0 = Release|Any CPU
	EndGlobalSection
	GlobalSection(SolutionProperties) = preSolution
		HideSolutionNode = FALSE
	EndGlobalSection
	GlobalSection(ExtensibilityGlobals) = postSolution
		SolutionGuid = {EC141135-86EE-4E30-A54D-1C285F6CBFCF}
	EndGlobalSection
EndGlobal
